PODS:
  - Flutter (1.0.0)
  - flutter_unity_widget (4.0.0):
    - Flutter
  - webview_flutter_wkwebview (0.0.1):
    - Flutter
    - FlutterMacOS

DEPENDENCIES:
  - Flutter (from `Flutter`)
  - flutter_unity_widget (from `.symlinks/plugins/flutter_unity_widget/ios`)
  - webview_flutter_wkwebview (from `.symlinks/plugins/webview_flutter_wkwebview/darwin`)

EXTERNAL SOURCES:
  Flutter:
    :path: Flutter
  flutter_unity_widget:
    :path: ".symlinks/plugins/flutter_unity_widget/ios"
  webview_flutter_wkwebview:
    :path: ".symlinks/plugins/webview_flutter_wkwebview/darwin"

SPEC CHECKSUMS:
  Flutter: e0871f40cf51350855a761d2e70bf5af5b9b5de7
  flutter_unity_widget: a27ce087bcce8fb31bf89f90b0f8fc2abbc95576
  webview_flutter_wkwebview: a4af96a051138e28e29f60101d094683b9f82188

PODFILE CHECKSUM: b8fe40bdbcf0e272d233c31f432a43460b7c318b

COCOAPODS: 1.16.2
